
Microsoft Visual Studio Solution File, Format Version 12.00
# Visual Studio Version 16
VisualStudioVersion = 16.0.30711.63
MinimumVisualStudioVersion = 10.0.40219.1
Project("{9A19103F-16F7-4668-BE54-9A1E7A4F7556}") = "ViginereEncryption", "ViginereEncryption\ViginereEncryption.csproj", "{501B12E9-ABEB-4467-87BF-0FAB2DCEC512}"
EndProject
Project("{FAE04EC0-301F-11D3-BF4B-00C04F79EFBC}") = "ViginereEncryptionTests", "ViginereEncryptionTests\ViginereEncryptionTests.csproj", "{6800C0DD-E23A-4B2F-A1CF-45BBDB593799}"
EndProject
Global
	GlobalSection(SolutionConfigurationPlatforms) = preSolution
		Debug|Any CPU = Debug|Any CPU
		Release|Any CPU = Release|Any CPU
	EndGlobalSection
	GlobalSection(ProjectConfigurationPlatforms) = postSolution
		{501B12E9-ABEB-4467-87BF-0FAB2DCEC512}.Debug|Any CPU.ActiveCfg = Debug|Any CPU
		{501B12E9-ABEB-4467-87BF-0FAB2DCEC512}.Debug|Any CPU.Build.0 = Debug|Any CPU
		{501B12E9-ABEB-4467-87BF-0FAB2DCEC512}.Release|Any CPU.ActiveCfg = Release|Any CPU
		{501B12E9-ABEB-4467-87BF-0FAB2DCEC512}.Release|Any CPU.Build.0 = Release|Any CPU
		{6800C0DD-E23A-4B2F-A1CF-45BBDB593799}.Debug|Any CPU.ActiveCfg = Debug|Any CPU
		{6800C0DD-E23A-4B2F-A1CF-45BBDB593799}.Debug|Any CPU.Build.0 = Debug|Any CPU
		{6800C0DD-E23A-4B2F-A1CF-45BBDB593799}.Release|Any CPU.ActiveCfg = Release|Any CPU
		{6800C0DD-E23A-4B2F-A1CF-45BBDB593799}.Release|Any CPU.Build.0 = Release|Any CPU
	EndGlobalSection
	GlobalSection(SolutionProperties) = preSolution
		HideSolutionNode = FALSE
	EndGlobalSection
	GlobalSection(ExtensibilityGlobals) = postSolution
		SolutionGuid = {BE1746EF-0784-4053-B263-F5AE37F11A43}
	EndGlobalSection
EndGlobal
